
Microsoft Visual Studio Solution File, Format Version 11.00
# Visual Studio 2010
Project("{FAE04EC0-301F-11D3-BF4B-00C04F79EFBC}") = "FPKGi - PS5", "Assembly-CSharp.csproj", "{8761DBE8-12CA-8F10-671F-3DE65359CD0A}"
EndProject
Global
	GlobalSection(SolutionConfigurationPlatforms) = preSolution
		Debug|Any CPU = Debug|Any CPU
		Release|Any CPU = Release|Any CPU
	EndGlobalSection
	GlobalSection(ProjectConfigurationPlatforms) = postSolution
		{8761DBE8-12CA-8F10-671F-3DE65359CD0A}.Debug|Any CPU.ActiveCfg = Debug|Any CPU
		{8761DBE8-12CA-8F10-671F-3DE65359CD0A}.Debug|Any CPU.Build.0 = Debug|Any CPU
		{8761DBE8-12CA-8F10-671F-3DE65359CD0A}.Release|Any CPU.ActiveCfg = Release|Any CPU
		{8761DBE8-12CA-8F10-671F-3DE65359CD0A}.Release|Any CPU.Build.0 = Release|Any CPU
	EndGlobalSection
	GlobalSection(SolutionProperties) = preSolution
		HideSolutionNode = FALSE
	EndGlobalSection
	GlobalSection(MonoDevelopProperties) = preSolution
		StartupItem = Assembly-CSharp.csproj
	EndGlobalSection
EndGlobal
